
Microsoft Visual Studio Solution File, Format Version 12.00
# Visual Studio Version 17
VisualStudioVersion = 17.13.35919.96 d17.13
MinimumVisualStudioVersion = 10.0.40219.1
Project("{FAE04EC0-301F-11D3-BF4B-00C04F79EFBC}") = "OKC", "OKC\OKC\OKC.csproj", "{CED4E75F-71B8-4854-8E8C-70D2722264C7}"
EndProject
Project("{FAE04EC0-301F-11D3-BF4B-00C04F79EFBC}") = "OKC.Client", "OKC\OKC.Client\OKC.Client.csproj", "{46262141-E0E3-443B-ADE6-E5D2FB4421C9}"
EndProject
Project("{FAE04EC0-301F-11D3-BF4B-00C04F79EFBC}") = "OKC.Console", "OKC.Console\OKC.Console.csproj", "{9EDE2E26-AE87-4A11-AA3A-83C723B9F51E}"
EndProject
Project("{FAE04EC0-301F-11D3-BF4B-00C04F79EFBC}") = "OKC.Core", "OKC.Core\OKC.Core.csproj", "{FF34D72D-810E-4F51-85FC-5665235C5193}"
EndProject
Project("{FAE04EC0-301F-11D3-BF4B-00C04F79EFBC}") = "OKC.Infrastructure", "OKC.Infrastructure\OKC.Infrastructure.csproj", "{069BD27A-DB69-43A4-990A-148C7EBC3B19}"
EndProject
Global
	GlobalSection(SolutionConfigurationPlatforms) = preSolution
		Debug|Any CPU = Debug|Any CPU
		Release|Any CPU = Release|Any CPU
	EndGlobalSection
	GlobalSection(ProjectConfigurationPlatforms) = postSolution
		{CED4E75F-71B8-4854-8E8C-70D2722264C7}.Debug|Any CPU.ActiveCfg = Debug|Any CPU
		{CED4E75F-71B8-4854-8E8C-70D2722264C7}.Debug|Any CPU.Build.0 = Debug|Any CPU
		{CED4E75F-71B8-4854-8E8C-70D2722264C7}.Release|Any CPU.ActiveCfg = Release|Any CPU
		{CED4E75F-71B8-4854-8E8C-70D2722264C7}.Release|Any CPU.Build.0 = Release|Any CPU
		{46262141-E0E3-443B-ADE6-E5D2FB4421C9}.Debug|Any CPU.ActiveCfg = Debug|Any CPU
		{46262141-E0E3-443B-ADE6-E5D2FB4421C9}.Debug|Any CPU.Build.0 = Debug|Any CPU
		{46262141-E0E3-443B-ADE6-E5D2FB4421C9}.Release|Any CPU.ActiveCfg = Release|Any CPU
		{46262141-E0E3-443B-ADE6-E5D2FB4421C9}.Release|Any CPU.Build.0 = Release|Any CPU
		{9EDE2E26-AE87-4A11-AA3A-83C723B9F51E}.Debug|Any CPU.ActiveCfg = Debug|Any CPU
		{9EDE2E26-AE87-4A11-AA3A-83C723B9F51E}.Debug|Any CPU.Build.0 = Debug|Any CPU
		{9EDE2E26-AE87-4A11-AA3A-83C723B9F51E}.Release|Any CPU.ActiveCfg = Release|Any CPU
		{9EDE2E26-AE87-4A11-AA3A-83C723B9F51E}.Release|Any CPU.Build.0 = Release|Any CPU
		{FF34D72D-810E-4F51-85FC-5665235C5193}.Debug|Any CPU.ActiveCfg = Debug|Any CPU
		{FF34D72D-810E-4F51-85FC-5665235C5193}.Debug|Any CPU.Build.0 = Debug|Any CPU
		{FF34D72D-810E-4F51-85FC-5665235C5193}.Release|Any CPU.ActiveCfg = Release|Any CPU
		{FF34D72D-810E-4F51-85FC-5665235C5193}.Release|Any CPU.Build.0 = Release|Any CPU
		{069BD27A-DB69-43A4-990A-148C7EBC3B19}.Debug|Any CPU.ActiveCfg = Debug|Any CPU
		{069BD27A-DB69-43A4-990A-148C7EBC3B19}.Debug|Any CPU.Build.0 = Debug|Any CPU
		{069BD27A-DB69-43A4-990A-148C7EBC3B19}.Release|Any CPU.ActiveCfg = Release|Any CPU
		{069BD27A-DB69-43A4-990A-148C7EBC3B19}.Release|Any CPU.Build.0 = Release|Any CPU
	EndGlobalSection
	GlobalSection(SolutionProperties) = preSolution
		HideSolutionNode = FALSE
	EndGlobalSection
	GlobalSection(ExtensibilityGlobals) = postSolution
		SolutionGuid = {3A67FC9A-F99F-4F4D-8EEC-803E6CBBB270}
	EndGlobalSection
EndGlobal
